
Microsoft Visual Studio Solution File, Format Version 12.00
# Visual Studio Version 16
VisualStudioVersion = 16.0.808.5
MinimumVisualStudioVersion = 10.0.40219.1
Project("{FAE04EC0-301F-11D3-BF4B-00C04F79EFBC}") = "Hello-Git", "Hello-Git\Hello-Git.csproj", "{4024498B-0E5F-4B06-A8C8-B6391F82960B}"
EndProject
Global
	GlobalSection(SolutionConfigurationPlatforms) = preSolution
		Debug|anycpu = Debug|anycpu
		Release|anycpu = Release|anycpu
	EndGlobalSection
	GlobalSection(ProjectConfigurationPlatforms) = postSolution
		{4024498B-0E5F-4B06-A8C8-B6391F82960B}.Debug|anycpu.ActiveCfg = Debug|anycpu
		{4024498B-0E5F-4B06-A8C8-B6391F82960B}.Debug|anycpu.Build.0 = Debug|anycpu
		{4024498B-0E5F-4B06-A8C8-B6391F82960B}.Release|anycpu.ActiveCfg = Release|anycpu
		{4024498B-0E5F-4B06-A8C8-B6391F82960B}.Release|anycpu.Build.0 = Release|anycpu
	EndGlobalSection
	GlobalSection(SolutionProperties) = preSolution
		HideSolutionNode = FALSE
	EndGlobalSection
	GlobalSection(ExtensibilityGlobals) = postSolution
		SolutionGuid = {4BC1F007-E402-418E-AD1A-C9BA4DDB99F8}
	EndGlobalSection
EndGlobal
